// !$*UTF8*$!
{
	archiveVersion = 1;
	classes = {
	};
	objectVersion = 55;
	objects = {

/* Begin PBXBuildFile section */
		3420882927A76AAC00DEB7E8 /* AppDelegate.swift in Sources */ = {isa = PBXBuildFile; fileRef = 3420882827A76AAC00DEB7E8 /* AppDelegate.swift */; };
		3420882B27A76AAC00DEB7E8 /* SceneDelegate.swift in Sources */ = {isa = PBXBuildFile; fileRef = 3420882A27A76AAC00DEB7E8 /* SceneDelegate.swift */; };
		3420882D27A76AAC00DEB7E8 /* MainViewController.swift in Sources */ = {isa = PBXBuildFile; fileRef = 3420882C27A76AAC00DEB7E8 /* MainViewController.swift */; };
		3420883027A76AAC00DEB7E8 /* Main.storyboard in Resources */ = {isa = PBXBuildFile; fileRef = 3420882E27A76AAC00DEB7E8 /* Main.storyboard */; };
		3420883227A76AAE00DEB7E8 /* Assets.xcassets in Resources */ = {isa = PBXBuildFile; fileRef = 3420883127A76AAE00DEB7E8 /* Assets.xcassets */; };
		3420883527A76AAE00DEB7E8 /* LaunchScreen.storyboard in Resources */ = {isa = PBXBuildFile; fileRef = 3420883327A76AAE00DEB7E8 /* LaunchScreen.storyboard */; };
		34417ADE2805530B00F82CB0 /* Pause4.mp3 in Resources */ = {isa = PBXBuildFile; fileRef = 34417ADA2805530B00F82CB0 /* Pause4.mp3 */; };
		34417ADF2805530B00F82CB0 /* Pause2.mp3 in Resources */ = {isa = PBXBuildFile; fileRef = 34417ADB2805530B00F82CB0 /* Pause2.mp3 */; };
		34417AE02805530B00F82CB0 /* Pause.mp3 in Resources */ = {isa = PBXBuildFile; fileRef = 34417ADC2805530B00F82CB0 /* Pause.mp3 */; };
		34573706283F5976006AB99F /* PlayButton.png in Resources */ = {isa = PBXBuildFile; fileRef = 34573704283F5976006AB99F /* PlayButton.png */; };
		34573707283F5976006AB99F /* PauseButton.png in Resources */ = {isa = PBXBuildFile; fileRef = 34573705283F5976006AB99F /* PauseButton.png */; };
		3470308D27A8B013009CDF94 /* UIColorHex.swift in Sources */ = {isa = PBXBuildFile; fileRef = 3470308C27A8B013009CDF94 /* UIColorHex.swift */; };
		34AC39E727F202AF0099F51C /* Move.mp3 in Resources */ = {isa = PBXBuildFile; fileRef = 34AC39E627F202AF0099F51C /* Move.mp3 */; };
		34B4F23227EDFA7700939CF1 /* Setting.swift in Sources */ = {isa = PBXBuildFile; fileRef = 34B4F23127EDFA7700939CF1 /* Setting.swift */; };
		34B4F23427EE0D1700939CF1 /* PickerViewController.swift in Sources */ = {isa = PBXBuildFile; fileRef = 34B4F23327EE0D1700939CF1 /* PickerViewController.swift */; };
		34B9D87B280039F300D73C28 /* SettingsViewController.swift in Sources */ = {isa = PBXBuildFile; fileRef = 34B9D87A280039F300D73C28 /* SettingsViewController.swift */; };
		34B9D87D280074ED00D73C28 /* Move2.mp3 in Resources */ = {isa = PBXBuildFile; fileRef = 34B9D87C280074ED00D73C28 /* Move2.mp3 */; };
		34B9D87F280074FA00D73C28 /* Move3.mp3 in Resources */ = {isa = PBXBuildFile; fileRef = 34B9D87E280074FA00D73C28 /* Move3.mp3 */; };
/* End PBXBuildFile section */

/* Begin PBXFileReference section */
		3420882527A76AAC00DEB7E8 /* GameClock.app */ = {isa = PBXFileReference; explicitFileType = wrapper.application; includeInIndex = 0; path = GameClock.app; sourceTree = BUILT_PRODUCTS_DIR; };
		3420882827A76AAC00DEB7E8 /* AppDelegate.swift */ = {isa = PBXFileReference; lastKnownFileType = sourcecode.swift; path = AppDelegate.swift; sourceTree = "<group>"; };
		3420882A27A76AAC00DEB7E8 /* SceneDelegate.swift */ = {isa = PBXFileReference; lastKnownFileType = sourcecode.swift; path = SceneDelegate.swift; sourceTree = "<group>"; };
		3420882C27A76AAC00DEB7E8 /* MainViewController.swift */ = {isa = PBXFileReference; lastKnownFileType = sourcecode.swift; path = MainViewController.swift; sourceTree = "<group>"; };
		3420882F27A76AAC00DEB7E8 /* Base */ = {isa = PBXFileReference; lastKnownFileType = file.storyboard; name = Base; path = Base.lproj/Main.storyboard; sourceTree = "<group>"; };
		3420883127A76AAE00DEB7E8 /* Assets.xcassets */ = {isa = PBXFileReference; lastKnownFileType = folder.assetcatalog; path = Assets.xcassets; sourceTree = "<group>"; };
		3420883427A76AAE00DEB7E8 /* Base */ = {isa = PBXFileReference; lastKnownFileType = file.storyboard; name = Base; path = Base.lproj/LaunchScreen.storyboard; sourceTree = "<group>"; };
		3420883627A76AAE00DEB7E8 /* Info.plist */ = {isa = PBXFileReference; lastKnownFileType = text.plist.xml; path = Info.plist; sourceTree = "<group>"; };
		34417ADA2805530B00F82CB0 /* Pause4.mp3 */ = {isa = PBXFileReference; lastKnownFileType = audio.mp3; path = Pause4.mp3; sourceTree = "<group>"; };
		34417ADB2805530B00F82CB0 /* Pause2.mp3 */ = {isa = PBXFileReference; lastKnownFileType = audio.mp3; path = Pause2.mp3; sourceTree = "<group>"; };
		34417ADC2805530B00F82CB0 /* Pause.mp3 */ = {isa = PBXFileReference; lastKnownFileType = audio.mp3; path = Pause.mp3; sourceTree = "<group>"; };
		34573704283F5976006AB99F /* PlayButton.png */ = {isa = PBXFileReference; lastKnownFileType = image.png; path = PlayButton.png; sourceTree = "<group>"; };
		34573705283F5976006AB99F /* PauseButton.png */ = {isa = PBXFileReference; lastKnownFileType = image.png; path = PauseButton.png; sourceTree = "<group>"; };
		3470308C27A8B013009CDF94 /* UIColorHex.swift */ = {isa = PBXFileReference; lastKnownFileType = sourcecode.swift; name = UIColorHex.swift; path = GameClock/Utility/UIColorHex.swift; sourceTree = SOURCE_ROOT; };
		34AC39E627F202AF0099F51C /* Move.mp3 */ = {isa = PBXFileReference; lastKnownFileType = audio.mp3; path = Move.mp3; sourceTree = "<group>"; };
		34B4F23127EDFA7700939CF1 /* Setting.swift */ = {isa = PBXFileReference; lastKnownFileType = sourcecode.swift; path = Setting.swift; sourceTree = "<group>"; };
		34B4F23327EE0D1700939CF1 /* PickerViewController.swift */ = {isa = PBXFileReference; lastKnownFileType = sourcecode.swift; path = PickerViewController.swift; sourceTree = "<group>"; };
		34B9D87A280039F300D73C28 /* SettingsViewController.swift */ = {isa = PBXFileReference; lastKnownFileType = sourcecode.swift; path = SettingsViewController.swift; sourceTree = "<group>"; };
		34B9D87C280074ED00D73C28 /* Move2.mp3 */ = {isa = PBXFileReference; lastKnownFileType = audio.mp3; path = Move2.mp3; sourceTree = "<group>"; };
		34B9D87E280074FA00D73C28 /* Move3.mp3 */ = {isa = PBXFileReference; lastKnownFileType = audio.mp3; path = Move3.mp3; sourceTree = "<group>"; };
/* End PBXFileReference section */

/* Begin PBXFrameworksBuildPhase section */
		3420882227A76AAC00DEB7E8 /* Frameworks */ = {
			isa = PBXFrameworksBuildPhase;
			buildActionMask = 2147483647;
			files = (
			);
			runOnlyForDeploymentPostprocessing = 0;
		};
/* End PBXFrameworksBuildPhase section */

/* Begin PBXGroup section */
		341CCA7D28002CDE00BFFF90 /* Utility */ = {
			isa = PBXGroup;
			children = (
				3470308C27A8B013009CDF94 /* UIColorHex.swift */,
			);
			path = Utility;
			sourceTree = "<group>";
		};
		3420881C27A76AAC00DEB7E8 = {
			isa = PBXGroup;
			children = (
				3420882727A76AAC00DEB7E8 /* GameClock */,
				3420882627A76AAC00DEB7E8 /* Products */,
			);
			sourceTree = "<group>";
		};
		3420882627A76AAC00DEB7E8 /* Products */ = {
			isa = PBXGroup;
			children = (
				3420882527A76AAC00DEB7E8 /* GameClock.app */,
			);
			name = Products;
			sourceTree = "<group>";
		};
		3420882727A76AAC00DEB7E8 /* GameClock */ = {
			isa = PBXGroup;
			children = (
				3420882827A76AAC00DEB7E8 /* AppDelegate.swift */,
				3420882A27A76AAC00DEB7E8 /* SceneDelegate.swift */,
				3420882E27A76AAC00DEB7E8 /* Main.storyboard */,
				3420883C27A77EA800DEB7E8 /* Main */,
				3420883D27A77ED400DEB7E8 /* Settings */,
				341CCA7D28002CDE00BFFF90 /* Utility */,
				34B9D88028007BC200D73C28 /* Assets */,
				3420883327A76AAE00DEB7E8 /* LaunchScreen.storyboard */,
				3420883627A76AAE00DEB7E8 /* Info.plist */,
			);
			path = GameClock;
			sourceTree = "<group>";
		};
		3420883C27A77EA800DEB7E8 /* Main */ = {
			isa = PBXGroup;
			children = (
				3420882C27A76AAC00DEB7E8 /* MainViewController.swift */,
			);
			path = Main;
			sourceTree = "<group>";
		};
		3420883D27A77ED400DEB7E8 /* Settings */ = {
			isa = PBXGroup;
			children = (
				34B4F23327EE0D1700939CF1 /* PickerViewController.swift */,
				34B9D87A280039F300D73C28 /* SettingsViewController.swift */,
				34B4F23127EDFA7700939CF1 /* Setting.swift */,
			);
			path = Settings;
			sourceTree = "<group>";
		};
		34B9D88028007BC200D73C28 /* Assets */ = {
			isa = PBXGroup;
			children = (
				3420883127A76AAE00DEB7E8 /* Assets.xcassets */,
				34AC39E627F202AF0099F51C /* Move.mp3 */,
				34B9D87C280074ED00D73C28 /* Move2.mp3 */,
				34B9D87E280074FA00D73C28 /* Move3.mp3 */,
				34573705283F5976006AB99F /* PauseButton.png */,
				34573704283F5976006AB99F /* PlayButton.png */,
				34417ADC2805530B00F82CB0 /* Pause.mp3 */,
				34417ADB2805530B00F82CB0 /* Pause2.mp3 */,
				34417ADA2805530B00F82CB0 /* Pause4.mp3 */,
			);
			path = Assets;
			sourceTree = "<group>";
		};
/* End PBXGroup section */

/* Begin PBXNativeTarget section */
		3420882427A76AAC00DEB7E8 /* GameClock */ = {
			isa = PBXNativeTarget;
			buildConfigurationList = 3420883927A76AAE00DEB7E8 /* Build configuration list for PBXNativeTarget "GameClock" */;
			buildPhases = (
				3420882127A76AAC00DEB7E8 /* Sources */,
				3420882227A76AAC00DEB7E8 /* Frameworks */,
				3420882327A76AAC00DEB7E8 /* Resources */,
			);
			buildRules = (
			);
			dependencies = (
			);
			name = GameClock;
			productName = GameClock;
			productReference = 3420882527A76AAC00DEB7E8 /* GameClock.app */;
			productType = "com.apple.product-type.application";
		};
/* End PBXNativeTarget section */

/* Begin PBXProject section */
		3420881D27A76AAC00DEB7E8 /* Project object */ = {
			isa = PBXProject;
			attributes = {
				BuildIndependentTargetsInParallel = 1;
				LastSwiftUpdateCheck = 1320;
				LastUpgradeCheck = 1320;
				TargetAttributes = {
					3420882427A76AAC00DEB7E8 = {
						CreatedOnToolsVersion = 13.2.1;
					};
				};
			};
			buildConfigurationList = 3420882027A76AAC00DEB7E8 /* Build configuration list for PBXProject "GameClock" */;
			compatibilityVersion = "Xcode 13.0";
			developmentRegion = en;
			hasScannedForEncodings = 0;
			knownRegions = (
				en,
				Base,
			);
			mainGroup = 3420881C27A76AAC00DEB7E8;
			productRefGroup = 3420882627A76AAC00DEB7E8 /* Products */;
			projectDirPath = "";
			projectRoot = "";
			targets = (
				3420882427A76AAC00DEB7E8 /* GameClock */,
			);
		};
/* End PBXProject section */

/* Begin PBXResourcesBuildPhase section */
		3420882327A76AAC00DEB7E8 /* Resources */ = {
			isa = PBXResourcesBuildPhase;
			buildActionMask = 2147483647;
			files = (
				34417ADF2805530B00F82CB0 /* Pause2.mp3 in Resources */,
				34573707283F5976006AB99F /* PauseButton.png in Resources */,
				34417ADE2805530B00F82CB0 /* Pause4.mp3 in Resources */,
				34B9D87D280074ED00D73C28 /* Move2.mp3 in Resources */,
				3420883527A76AAE00DEB7E8 /* LaunchScreen.storyboard in Resources */,
				34B9D87F280074FA00D73C28 /* Move3.mp3 in Resources */,
				3420883227A76AAE00DEB7E8 /* Assets.xcassets in Resources */,
				3420883027A76AAC00DEB7E8 /* Main.storyboard in Resources */,
				34417AE02805530B00F82CB0 /* Pause.mp3 in Resources */,
				34AC39E727F202AF0099F51C /* Move.mp3 in Resources */,
				34573706283F5976006AB99F /* PlayButton.png in Resources */,
			);
			runOnlyForDeploymentPostprocessing = 0;
		};
/* End PBXResourcesBuildPhase section */

/* Begin PBXSourcesBuildPhase section */
		3420882127A76AAC00DEB7E8 /* Sources */ = {
			isa = PBXSourcesBuildPhase;
			buildActionMask = 2147483647;
			files = (
				3420882D27A76AAC00DEB7E8 /* MainViewController.swift in Sources */,
				3420882927A76AAC00DEB7E8 /* AppDelegate.swift in Sources */,
				3470308D27A8B013009CDF94 /* UIColorHex.swift in Sources */,
				3420882B27A76AAC00DEB7E8 /* SceneDelegate.swift in Sources */,
				34B4F23427EE0D1700939CF1 /* PickerViewController.swift in Sources */,
				34B4F23227EDFA7700939CF1 /* Setting.swift in Sources */,
				34B9D87B280039F300D73C28 /* SettingsViewController.swift in Sources */,
			);
			runOnlyForDeploymentPostprocessing = 0;
		};
/* End PBXSourcesBuildPhase section */

/* Begin PBXVariantGroup section */
		3420882E27A76AAC00DEB7E8 /* Main.storyboard */ = {
			isa = PBXVariantGroup;
			children = (
				3420882F27A76AAC00DEB7E8 /* Base */,
			);
			name = Main.storyboard;
			sourceTree = "<group>";
		};
		3420883327A76AAE00DEB7E8 /* LaunchScreen.storyboard */ = {
			isa = PBXVariantGroup;
			children = (
				3420883427A76AAE00DEB7E8 /* Base */,
			);
			name = LaunchScreen.storyboard;
			sourceTree = "<group>";
		};
/* End PBXVariantGroup section */

/* Begin XCBuildConfiguration section */
		3420883727A76AAE00DEB7E8 /* Debug */ = {
			isa = XCBuildConfiguration;
			buildSettings = {
				ALWAYS_SEARCH_USER_PATHS = NO;
				CLANG_ANALYZER_NONNULL = YES;
				CLANG_ANALYZER_NUMBER_OBJECT_CONVERSION = YES_AGGRESSIVE;
				CLANG_CXX_LANGUAGE_STANDARD = "gnu++17";
				CLANG_CXX_LIBRARY = "libc++";
				CLANG_ENABLE_MODULES = YES;
				CLANG_ENABLE_OBJC_ARC = YES;
				CLANG_ENABLE_OBJC_WEAK = YES;
				CLANG_WARN_BLOCK_CAPTURE_AUTORELEASING = YES;
				CLANG_WARN_BOOL_CONVERSION = YES;
				CLANG_WARN_COMMA = YES;
				CLANG_WARN_CONSTANT_CONVERSION = YES;
				CLANG_WARN_DEPRECATED_OBJC_IMPLEMENTATIONS = YES;
				CLANG_WARN_DIRECT_OBJC_ISA_USAGE = YES_ERROR;
				CLANG_WARN_DOCUMENTATION_COMMENTS = YES;
				CLANG_WARN_EMPTY_BODY = YES;
				CLANG_WARN_ENUM_CONVERSION = YES;
				CLANG_WARN_INFINITE_RECURSION = YES;
				CLANG_WARN_INT_CONVERSION = YES;
				CLANG_WARN_NON_LITERAL_NULL_CONVERSION = YES;
				CLANG_WARN_OBJC_IMPLICIT_RETAIN_SELF = YES;
				CLANG_WARN_OBJC_LITERAL_CONVERSION = YES;
				CLANG_WARN_OBJC_ROOT_CLASS = YES_ERROR;
				CLANG_WARN_QUOTED_INCLUDE_IN_FRAMEWORK_HEADER = YES;
				CLANG_WARN_RANGE_LOOP_ANALYSIS = YES;
				CLANG_WARN_STRICT_PROTOTYPES = YES;
				CLANG_WARN_SUSPICIOUS_MOVE = YES;
				CLANG_WARN_UNGUARDED_AVAILABILITY = YES_AGGRESSIVE;
				CLANG_WARN_UNREACHABLE_CODE = YES;
				CLANG_WARN__DUPLICATE_METHOD_MATCH = YES;
				COPY_PHASE_STRIP = NO;
				DEBUG_INFORMATION_FORMAT = dwarf;
				ENABLE_STRICT_OBJC_MSGSEND = YES;
				ENABLE_TESTABILITY = YES;
				GCC_C_LANGUAGE_STANDARD = gnu11;
				GCC_DYNAMIC_NO_PIC = NO;
				GCC_NO_COMMON_BLOCKS = YES;
				GCC_OPTIMIZATION_LEVEL = 0;
				GCC_PREPROCESSOR_DEFINITIONS = (
					"DEBUG=1",
					"$(inherited)",
				);
				GCC_WARN_64_TO_32_BIT_CONVERSION = YES;
				GCC_WARN_ABOUT_RETURN_TYPE = YES_ERROR;
				GCC_WARN_UNDECLARED_SELECTOR = YES;
				GCC_WARN_UNINITIALIZED_AUTOS = YES_AGGRESSIVE;
				GCC_WARN_UNUSED_FUNCTION = YES;
				GCC_WARN_UNUSED_VARIABLE = YES;
				IPHONEOS_DEPLOYMENT_TARGET = 15.2;
				MTL_ENABLE_DEBUG_INFO = INCLUDE_SOURCE;
				MTL_FAST_MATH = YES;
				ONLY_ACTIVE_ARCH = YES;
				SDKROOT = iphoneos;
				SWIFT_ACTIVE_COMPILATION_CONDITIONS = DEBUG;
				SWIFT_OPTIMIZATION_LEVEL = "-Onone";
			};
			name = Debug;
		};
		3420883827A76AAE00DEB7E8 /* Release */ = {
			isa = XCBuildConfiguration;
			buildSettings = {
				ALWAYS_SEARCH_USER_PATHS = NO;
				CLANG_ANALYZER_NONNULL = YES;
				CLANG_ANALYZER_NUMBER_OBJECT_CONVERSION = YES_AGGRESSIVE;
				CLANG_CXX_LANGUAGE_STANDARD = "gnu++17";
				CLANG_CXX_LIBRARY = "libc++";
				CLANG_ENABLE_MODULES = YES;
				CLANG_ENABLE_OBJC_ARC = YES;
				CLANG_ENABLE_OBJC_WEAK = YES;
				CLANG_WARN_BLOCK_CAPTURE_AUTORELEASING = YES;
				CLANG_WARN_BOOL_CONVERSION = YES;
				CLANG_WARN_COMMA = YES;
				CLANG_WARN_CONSTANT_CONVERSION = YES;
				CLANG_WARN_DEPRECATED_OBJC_IMPLEMENTATIONS = YES;
				CLANG_WARN_DIRECT_OBJC_ISA_USAGE = YES_ERROR;
				CLANG_WARN_DOCUMENTATION_COMMENTS = YES;
				CLANG_WARN_EMPTY_BODY = YES;
				CLANG_WARN_ENUM_CONVERSION = YES;
				CLANG_WARN_INFINITE_RECURSION = YES;
				CLANG_WARN_INT_CONVERSION = YES;
				CLANG_WARN_NON_LITERAL_NULL_CONVERSION = YES;
				CLANG_WARN_OBJC_IMPLICIT_RETAIN_SELF = YES;
				CLANG_WARN_OBJC_LITERAL_CONVERSION = YES;
				CLANG_WARN_OBJC_ROOT_CLASS = YES_ERROR;
				CLANG_WARN_QUOTED_INCLUDE_IN_FRAMEWORK_HEADER = YES;
				CLANG_WARN_RANGE_LOOP_ANALYSIS = YES;
				CLANG_WARN_STRICT_PROTOTYPES = YES;
				CLANG_WARN_SUSPICIOUS_MOVE = YES;
				CLANG_WARN_UNGUARDED_AVAILABILITY = YES_AGGRESSIVE;
				CLANG_WARN_UNREACHABLE_CODE = YES;
				CLANG_WARN__DUPLICATE_METHOD_MATCH = YES;
				COPY_PHASE_STRIP = NO;
				DEBUG_INFORMATION_FORMAT = "dwarf-with-dsym";
				ENABLE_NS_ASSERTIONS = NO;
				ENABLE_STRICT_OBJC_MSGSEND = YES;
				GCC_C_LANGUAGE_STANDARD = gnu11;
				GCC_NO_COMMON_BLOCKS = YES;
				GCC_WARN_64_TO_32_BIT_CONVERSION = YES;
				GCC_WARN_ABOUT_RETURN_TYPE = YES_ERROR;
				GCC_WARN_UNDECLARED_SELECTOR = YES;
				GCC_WARN_UNINITIALIZED_AUTOS = YES_AGGRESSIVE;
				GCC_WARN_UNUSED_FUNCTION = YES;
				GCC_WARN_UNUSED_VARIABLE = YES;
				IPHONEOS_DEPLOYMENT_TARGET = 15.2;
				MTL_ENABLE_DEBUG_INFO = NO;
				MTL_FAST_MATH = YES;
				SDKROOT = iphoneos;
				SWIFT_COMPILATION_MODE = wholemodule;
				SWIFT_OPTIMIZATION_LEVEL = "-O";
				VALIDATE_PRODUCT = YES;
			};
			name = Release;
		};
		3420883A27A76AAE00DEB7E8 /* Debug */ = {
			isa = XCBuildConfiguration;
			buildSettings = {
				ASSETCATALOG_COMPILER_APPICON_NAME = AppIcon;
				ASSETCATALOG_COMPILER_GLOBAL_ACCENT_COLOR_NAME = AccentColor;
				CODE_SIGN_STYLE = Automatic;
				CURRENT_PROJECT_VERSION = 1;
				DEVELOPMENT_TEAM = 96JWZD7J5K;
				GENERATE_INFOPLIST_FILE = YES;
				INFOPLIST_FILE = GameClock/Info.plist;
				INFOPLIST_KEY_UIApplicationSupportsIndirectInputEvents = YES;
				INFOPLIST_KEY_UILaunchStoryboardName = LaunchScreen;
				INFOPLIST_KEY_UIMainStoryboardFile = Main;
				INFOPLIST_KEY_UISupportedInterfaceOrientations = UIInterfaceOrientationPortrait;
				INFOPLIST_KEY_UISupportedInterfaceOrientations_iPad = "UIInterfaceOrientationPortrait UIInterfaceOrientationPortraitUpsideDown UIInterfaceOrientationLandscapeLeft UIInterfaceOrientationLandscapeRight";
				INFOPLIST_KEY_UISupportedInterfaceOrientations_iPhone = "UIInterfaceOrientationPortrait UIInterfaceOrientationLandscapeLeft UIInterfaceOrientationLandscapeRight";
				LD_RUNPATH_SEARCH_PATHS = (
					"$(inherited)",
					"@executable_path/Frameworks",
				);
				MARKETING_VERSION = 1.0;
				PRODUCT_BUNDLE_IDENTIFIER = com.ipo.GameClock;
				PRODUCT_NAME = "$(TARGET_NAME)";
				SWIFT_EMIT_LOC_STRINGS = YES;
				SWIFT_VERSION = 5.0;
				TARGETED_DEVICE_FAMILY = "1,2";
			};
			name = Debug;
		};
		3420883B27A76AAE00DEB7E8 /* Release */ = {
			isa = XCBuildConfiguration;
			buildSettings = {
				ASSETCATALOG_COMPILER_APPICON_NAME = AppIcon;
				ASSETCATALOG_COMPILER_GLOBAL_ACCENT_COLOR_NAME = AccentColor;
				CODE_SIGN_STYLE = Automatic;
				CURRENT_PROJECT_VERSION = 1;
				DEVELOPMENT_TEAM = 96JWZD7J5K;
				GENERATE_INFOPLIST_FILE = YES;
				INFOPLIST_FILE = GameClock/Info.plist;
				INFOPLIST_KEY_UIApplicationSupportsIndirectInputEvents = YES;
				INFOPLIST_KEY_UILaunchStoryboardName = LaunchScreen;
				INFOPLIST_KEY_UIMainStoryboardFile = Main;
				INFOPLIST_KEY_UISupportedInterfaceOrientations = UIInterfaceOrientationPortrait;
				INFOPLIST_KEY_UISupportedInterfaceOrientations_iPad = "UIInterfaceOrientationPortrait UIInterfaceOrientationPortraitUpsideDown UIInterfaceOrientationLandscapeLeft UIInterfaceOrientationLandscapeRight";
				INFOPLIST_KEY_UISupportedInterfaceOrientations_iPhone = "UIInterfaceOrientationPortrait UIInterfaceOrientationLandscapeLeft UIInterfaceOrientationLandscapeRight";
				LD_RUNPATH_SEARCH_PATHS = (
					"$(inherited)",
					"@executable_path/Frameworks",
				);
				MARKETING_VERSION = 1.0;
				PRODUCT_BUNDLE_IDENTIFIER = com.ipo.GameClock;
				PRODUCT_NAME = "$(TARGET_NAME)";
				SWIFT_EMIT_LOC_STRINGS = YES;
				SWIFT_VERSION = 5.0;
				TARGETED_DEVICE_FAMILY = "1,2";
			};
			name = Release;
		};
/* End XCBuildConfiguration section */

/* Begin XCConfigurationList section */
		3420882027A76AAC00DEB7E8 /* Build configuration list for PBXProject "GameClock" */ = {
			isa = XCConfigurationList;
			buildConfigurations = (
				3420883727A76AAE00DEB7E8 /* Debug */,
				3420883827A76AAE00DEB7E8 /* Release */,
			);
			defaultConfigurationIsVisible = 0;
			defaultConfigurationName = Release;
		};
		3420883927A76AAE00DEB7E8 /* Build configuration list for PBXNativeTarget "GameClock" */ = {
			isa = XCConfigurationList;
			buildConfigurations = (
				3420883A27A76AAE00DEB7E8 /* Debug */,
				3420883B27A76AAE00DEB7E8 /* Release */,
			);
			defaultConfigurationIsVisible = 0;
			defaultConfigurationName = Release;
		};
/* End XCConfigurationList section */
	};
	rootObject = 3420881D27A76AAC00DEB7E8 /* Project object */;
}
